
Microsoft Visual Studio Solution File, Format Version 12.00
Project("{FAE04EC0-301F-11D3-BF4B-00C04F79EFBC}") = "ApbdTestAPI", "ApbdTestAPI.csproj", "{C7E47F27-DC77-447F-97C8-392BE562C2B0}"
EndProject
Global
	GlobalSection(SolutionConfigurationPlatforms) = preSolution
		Debug|Any CPU = Debug|Any CPU
		Release|Any CPU = Release|Any CPU
	EndGlobalSection
	GlobalSection(ProjectConfigurationPlatforms) = postSolution
		{C7E47F27-DC77-447F-97C8-392BE562C2B0}.Debug|Any CPU.ActiveCfg = Debug|Any CPU
		{C7E47F27-DC77-447F-97C8-392BE562C2B0}.Debug|Any CPU.Build.0 = Debug|Any CPU
		{C7E47F27-DC77-447F-97C8-392BE562C2B0}.Release|Any CPU.ActiveCfg = Release|Any CPU
		{C7E47F27-DC77-447F-97C8-392BE562C2B0}.Release|Any CPU.Build.0 = Release|Any CPU
	EndGlobalSection
EndGlobal
